
Microsoft Visual Studio Solution File, Format Version 12.00
# Visual Studio Version 17
VisualStudioVersion = 17.4.33205.214
MinimumVisualStudioVersion = 10.0.40219.1
Project("{FAE04EC0-301F-11D3-BF4B-00C04F79EFBC}") = "SportZone", "SportZone\SportZone.csproj", "{F75C973A-E768-43C0-BACA-14E672580C8A}"
	ProjectSection(ProjectDependencies) = postProject
		{78FFA51F-8B03-4B66-A268-51F70A8241EF} = {78FFA51F-8B03-4B66-A268-51F70A8241EF}
	EndProjectSection
EndProject
Project("{FAE04EC0-301F-11D3-BF4B-00C04F79EFBC}") = "SportZone.Service", "SportZone.Service\SportZone.Service.csproj", "{78FFA51F-8B03-4B66-A268-51F70A8241EF}"
EndProject
Global
	GlobalSection(SolutionConfigurationPlatforms) = preSolution
		Debug|Any CPU = Debug|Any CPU
		Release|Any CPU = Release|Any CPU
	EndGlobalSection
	GlobalSection(ProjectConfigurationPlatforms) = postSolution
		{F75C973A-E768-43C0-BACA-14E672580C8A}.Debug|Any CPU.ActiveCfg = Debug|Any CPU
		{F75C973A-E768-43C0-BACA-14E672580C8A}.Debug|Any CPU.Build.0 = Debug|Any CPU
		{F75C973A-E768-43C0-BACA-14E672580C8A}.Release|Any CPU.ActiveCfg = Release|Any CPU
		{F75C973A-E768-43C0-BACA-14E672580C8A}.Release|Any CPU.Build.0 = Release|Any CPU
		{78FFA51F-8B03-4B66-A268-51F70A8241EF}.Debug|Any CPU.ActiveCfg = Debug|Any CPU
		{78FFA51F-8B03-4B66-A268-51F70A8241EF}.Debug|Any CPU.Build.0 = Debug|Any CPU
		{78FFA51F-8B03-4B66-A268-51F70A8241EF}.Release|Any CPU.ActiveCfg = Release|Any CPU
		{78FFA51F-8B03-4B66-A268-51F70A8241EF}.Release|Any CPU.Build.0 = Release|Any CPU
	EndGlobalSection
	GlobalSection(SolutionProperties) = preSolution
		HideSolutionNode = FALSE
	EndGlobalSection
	GlobalSection(ExtensibilityGlobals) = postSolution
		SolutionGuid = {4AB62A77-47B9-407D-9EFC-475AC5EA2DA3}
	EndGlobalSection
EndGlobal
